
Microsoft Visual Studio Solution File, Format Version 12.00
# Visual Studio Version 16
VisualStudioVersion = 16.0.30406.217
MinimumVisualStudioVersion = 10.0.40219.1
Project("{FAE04EC0-301F-11D3-BF4B-00C04F79EFBC}") = "SM Veiculos Test", "SM Veiculos Test\SM Veiculos Test.csproj", "{459FC1D2-DDAB-46C9-AA7D-A9DD5559FFCD}"
EndProject
Global
	GlobalSection(SolutionConfigurationPlatforms) = preSolution
		Debug|Any CPU = Debug|Any CPU
		Release|Any CPU = Release|Any CPU
	EndGlobalSection
	GlobalSection(ProjectConfigurationPlatforms) = postSolution
		{459FC1D2-DDAB-46C9-AA7D-A9DD5559FFCD}.Debug|Any CPU.ActiveCfg = Debug|Any CPU
		{459FC1D2-DDAB-46C9-AA7D-A9DD5559FFCD}.Debug|Any CPU.Build.0 = Debug|Any CPU
		{459FC1D2-DDAB-46C9-AA7D-A9DD5559FFCD}.Release|Any CPU.ActiveCfg = Release|Any CPU
		{459FC1D2-DDAB-46C9-AA7D-A9DD5559FFCD}.Release|Any CPU.Build.0 = Release|Any CPU
	EndGlobalSection
	GlobalSection(SolutionProperties) = preSolution
		HideSolutionNode = FALSE
	EndGlobalSection
	GlobalSection(ExtensibilityGlobals) = postSolution
		SolutionGuid = {E281A80B-F445-4DE8-9720-E629949663F6}
	EndGlobalSection
EndGlobal
